// !$*UTF8*$!
{
	archiveVersion = 1;
	classes = {
	};
	objectVersion = 56;
	objects = {

/* Begin PBXBuildFile section */
		8934FA552BF6784A0022D2F3 /* LockView.swift in Sources */ = {isa = PBXBuildFile; fileRef = 8934FA542BF6784A0022D2F3 /* LockView.swift */; };
		893EBC312BEFFC1B00B0053A /* Expense_TrackerApp.swift in Sources */ = {isa = PBXBuildFile; fileRef = 893EBC302BEFFC1B00B0053A /* Expense_TrackerApp.swift */; };
		893EBC332BEFFC1B00B0053A /* ContentView.swift in Sources */ = {isa = PBXBuildFile; fileRef = 893EBC322BEFFC1B00B0053A /* ContentView.swift */; };
		893EBC352BEFFC1C00B0053A /* Assets.xcassets in Resources */ = {isa = PBXBuildFile; fileRef = 893EBC342BEFFC1C00B0053A /* Assets.xcassets */; };
		893EBC382BEFFC1C00B0053A /* Preview Assets.xcassets in Resources */ = {isa = PBXBuildFile; fileRef = 893EBC372BEFFC1C00B0053A /* Preview Assets.xcassets */; };
		896BAC682BFC0A8A00BB46EA /* ChartModel.swift in Sources */ = {isa = PBXBuildFile; fileRef = 896BAC672BFC0A8A00BB46EA /* ChartModel.swift */; };
		89A2FC892BEFFD8100A4434D /* IntroScreen.swift in Sources */ = {isa = PBXBuildFile; fileRef = 89A2FC882BEFFD8100A4434D /* IntroScreen.swift */; };
		89A2FC8C2BF001C000A4434D /* Constants.swift in Sources */ = {isa = PBXBuildFile; fileRef = 89A2FC8B2BF001C000A4434D /* Constants.swift */; };
		89A2FC8E2BF010B600A4434D /* Tab.swift in Sources */ = {isa = PBXBuildFile; fileRef = 89A2FC8D2BF010B600A4434D /* Tab.swift */; };
		89A2FC902BF0284000A4434D /* Category.swift in Sources */ = {isa = PBXBuildFile; fileRef = 89A2FC8F2BF0284000A4434D /* Category.swift */; };
		89A2FC922BF0287400A4434D /* Transaction.swift in Sources */ = {isa = PBXBuildFile; fileRef = 89A2FC912BF0287400A4434D /* Transaction.swift */; };
		89A2FC942BF0290800A4434D /* TintColor.swift in Sources */ = {isa = PBXBuildFile; fileRef = 89A2FC932BF0290800A4434D /* TintColor.swift */; };
		89A2FC972BF02B0700A4434D /* Recents.swift in Sources */ = {isa = PBXBuildFile; fileRef = 89A2FC962BF02B0700A4434D /* Recents.swift */; };
		89A2FC992BF02B1D00A4434D /* Search.swift in Sources */ = {isa = PBXBuildFile; fileRef = 89A2FC982BF02B1D00A4434D /* Search.swift */; };
		89A2FC9B2BF02B2B00A4434D /* Graphs.swift in Sources */ = {isa = PBXBuildFile; fileRef = 89A2FC9A2BF02B2B00A4434D /* Graphs.swift */; };
		89A2FC9D2BF02B3900A4434D /* Settings.swift in Sources */ = {isa = PBXBuildFile; fileRef = 89A2FC9C2BF02B3900A4434D /* Settings.swift */; };
		89A2FC9F2BF0516300A4434D /* View+Extensions.swift in Sources */ = {isa = PBXBuildFile; fileRef = 89A2FC9E2BF0516300A4434D /* View+Extensions.swift */; };
		89A2FCA12BF0582900A4434D /* Date+Extensions.swift in Sources */ = {isa = PBXBuildFile; fileRef = 89A2FCA02BF0582900A4434D /* Date+Extensions.swift */; };
		89A2FCA42BF0687300A4434D /* CardView.swift in Sources */ = {isa = PBXBuildFile; fileRef = 89A2FCA32BF0687300A4434D /* CardView.swift */; };
		89A2FCA62BF0712400A4434D /* TransactionCardView.swift in Sources */ = {isa = PBXBuildFile; fileRef = 89A2FCA52BF0712400A4434D /* TransactionCardView.swift */; };
		89A2FCA82BF167CC00A4434D /* SwipeAction.swift in Sources */ = {isa = PBXBuildFile; fileRef = 89A2FCA72BF167CC00A4434D /* SwipeAction.swift */; };
		89B902072BF835D8008AF1CF /* FilterTransactionsView.swift in Sources */ = {isa = PBXBuildFile; fileRef = 89B902062BF835D8008AF1CF /* FilterTransactionsView.swift */; };
		89CA18512BF7E63D0095C778 /* TransactionView.swift in Sources */ = {isa = PBXBuildFile; fileRef = 89CA18502BF7E63D0095C778 /* TransactionView.swift */; };
		89F32D3D2BF2AC32007400FB /* DateFilterView.swift in Sources */ = {isa = PBXBuildFile; fileRef = 89F32D3C2BF2AC32007400FB /* DateFilterView.swift */; };
/* End PBXBuildFile section */

/* Begin PBXFileReference section */
		8934FA542BF6784A0022D2F3 /* LockView.swift */ = {isa = PBXFileReference; lastKnownFileType = sourcecode.swift; path = LockView.swift; sourceTree = "<group>"; };
		893EBC2D2BEFFC1B00B0053A /* Expense Tracker.app */ = {isa = PBXFileReference; explicitFileType = wrapper.application; includeInIndex = 0; path = "Expense Tracker.app"; sourceTree = BUILT_PRODUCTS_DIR; };
		893EBC302BEFFC1B00B0053A /* Expense_TrackerApp.swift */ = {isa = PBXFileReference; lastKnownFileType = sourcecode.swift; path = Expense_TrackerApp.swift; sourceTree = "<group>"; };
		893EBC322BEFFC1B00B0053A /* ContentView.swift */ = {isa = PBXFileReference; lastKnownFileType = sourcecode.swift; path = ContentView.swift; sourceTree = "<group>"; };
		893EBC342BEFFC1C00B0053A /* Assets.xcassets */ = {isa = PBXFileReference; lastKnownFileType = folder.assetcatalog; path = Assets.xcassets; sourceTree = "<group>"; };
		893EBC372BEFFC1C00B0053A /* Preview Assets.xcassets */ = {isa = PBXFileReference; lastKnownFileType = folder.assetcatalog; path = "Preview Assets.xcassets"; sourceTree = "<group>"; };
		896BAC672BFC0A8A00BB46EA /* ChartModel.swift */ = {isa = PBXFileReference; lastKnownFileType = sourcecode.swift; path = ChartModel.swift; sourceTree = "<group>"; };
		89A2FC882BEFFD8100A4434D /* IntroScreen.swift */ = {isa = PBXFileReference; lastKnownFileType = sourcecode.swift; path = IntroScreen.swift; sourceTree = "<group>"; };
		89A2FC8B2BF001C000A4434D /* Constants.swift */ = {isa = PBXFileReference; lastKnownFileType = sourcecode.swift; path = Constants.swift; sourceTree = "<group>"; };
		89A2FC8D2BF010B600A4434D /* Tab.swift */ = {isa = PBXFileReference; lastKnownFileType = sourcecode.swift; path = Tab.swift; sourceTree = "<group>"; };
		89A2FC8F2BF0284000A4434D /* Category.swift */ = {isa = PBXFileReference; lastKnownFileType = sourcecode.swift; path = Category.swift; sourceTree = "<group>"; };
		89A2FC912BF0287400A4434D /* Transaction.swift */ = {isa = PBXFileReference; lastKnownFileType = sourcecode.swift; path = Transaction.swift; sourceTree = "<group>"; };
		89A2FC932BF0290800A4434D /* TintColor.swift */ = {isa = PBXFileReference; lastKnownFileType = sourcecode.swift; path = TintColor.swift; sourceTree = "<group>"; };
		89A2FC962BF02B0700A4434D /* Recents.swift */ = {isa = PBXFileReference; lastKnownFileType = sourcecode.swift; path = Recents.swift; sourceTree = "<group>"; };
		89A2FC982BF02B1D00A4434D /* Search.swift */ = {isa = PBXFileReference; lastKnownFileType = sourcecode.swift; path = Search.swift; sourceTree = "<group>"; };
		89A2FC9A2BF02B2B00A4434D /* Graphs.swift */ = {isa = PBXFileReference; lastKnownFileType = sourcecode.swift; path = Graphs.swift; sourceTree = "<group>"; };
		89A2FC9C2BF02B3900A4434D /* Settings.swift */ = {isa = PBXFileReference; lastKnownFileType = sourcecode.swift; path = Settings.swift; sourceTree = "<group>"; };
		89A2FC9E2BF0516300A4434D /* View+Extensions.swift */ = {isa = PBXFileReference; lastKnownFileType = sourcecode.swift; path = "View+Extensions.swift"; sourceTree = "<group>"; };
		89A2FCA02BF0582900A4434D /* Date+Extensions.swift */ = {isa = PBXFileReference; lastKnownFileType = sourcecode.swift; path = "Date+Extensions.swift"; sourceTree = "<group>"; };
		89A2FCA32BF0687300A4434D /* CardView.swift */ = {isa = PBXFileReference; lastKnownFileType = sourcecode.swift; path = CardView.swift; sourceTree = "<group>"; };
		89A2FCA52BF0712400A4434D /* TransactionCardView.swift */ = {isa = PBXFileReference; lastKnownFileType = sourcecode.swift; path = TransactionCardView.swift; sourceTree = "<group>"; };
		89A2FCA72BF167CC00A4434D /* SwipeAction.swift */ = {isa = PBXFileReference; lastKnownFileType = sourcecode.swift; path = SwipeAction.swift; sourceTree = "<group>"; };
		89B902062BF835D8008AF1CF /* FilterTransactionsView.swift */ = {isa = PBXFileReference; lastKnownFileType = sourcecode.swift; path = FilterTransactionsView.swift; sourceTree = "<group>"; };
		89CA18502BF7E63D0095C778 /* TransactionView.swift */ = {isa = PBXFileReference; lastKnownFileType = sourcecode.swift; path = TransactionView.swift; sourceTree = "<group>"; };
		89F32D3C2BF2AC32007400FB /* DateFilterView.swift */ = {isa = PBXFileReference; lastKnownFileType = sourcecode.swift; path = DateFilterView.swift; sourceTree = "<group>"; };
/* End PBXFileReference section */

/* Begin PBXFrameworksBuildPhase section */
		893EBC2A2BEFFC1B00B0053A /* Frameworks */ = {
			isa = PBXFrameworksBuildPhase;
			buildActionMask = 2147483647;
			files = (
			);
			runOnlyForDeploymentPostprocessing = 0;
		};
/* End PBXFrameworksBuildPhase section */

/* Begin PBXGroup section */
		893EBC242BEFFC1B00B0053A = {
			isa = PBXGroup;
			children = (
				893EBC2F2BEFFC1B00B0053A /* Expense Tracker */,
				893EBC2E2BEFFC1B00B0053A /* Products */,
			);
			sourceTree = "<group>";
		};
		893EBC2E2BEFFC1B00B0053A /* Products */ = {
			isa = PBXGroup;
			children = (
				893EBC2D2BEFFC1B00B0053A /* Expense Tracker.app */,
			);
			name = Products;
			sourceTree = "<group>";
		};
		893EBC2F2BEFFC1B00B0053A /* Expense Tracker */ = {
			isa = PBXGroup;
			children = (
				89A2FC8A2BF001A500A4434D /* Helpers */,
				89A2FC872BEFFD6700A4434D /* Model */,
				89A2FC862BEFFD5A00A4434D /* View */,
				893EBC302BEFFC1B00B0053A /* Expense_TrackerApp.swift */,
				893EBC322BEFFC1B00B0053A /* ContentView.swift */,
				893EBC342BEFFC1C00B0053A /* Assets.xcassets */,
				893EBC362BEFFC1C00B0053A /* Preview Content */,
			);
			path = "Expense Tracker";
			sourceTree = "<group>";
		};
		893EBC362BEFFC1C00B0053A /* Preview Content */ = {
			isa = PBXGroup;
			children = (
				893EBC372BEFFC1C00B0053A /* Preview Assets.xcassets */,
			);
			path = "Preview Content";
			sourceTree = "<group>";
		};
		89A2FC862BEFFD5A00A4434D /* View */ = {
			isa = PBXGroup;
			children = (
				89A2FCA22BF0686700A4434D /* Helpers */,
				89A2FC952BF02A5D00A4434D /* TabViews */,
				89A2FC882BEFFD8100A4434D /* IntroScreen.swift */,
				89CA18502BF7E63D0095C778 /* TransactionView.swift */,
			);
			path = View;
			sourceTree = "<group>";
		};
		89A2FC872BEFFD6700A4434D /* Model */ = {
			isa = PBXGroup;
			children = (
				89A2FC8D2BF010B600A4434D /* Tab.swift */,
				89A2FC8F2BF0284000A4434D /* Category.swift */,
				89A2FC912BF0287400A4434D /* Transaction.swift */,
				89A2FC932BF0290800A4434D /* TintColor.swift */,
				896BAC672BFC0A8A00BB46EA /* ChartModel.swift */,
			);
			path = Model;
			sourceTree = "<group>";
		};
		89A2FC8A2BF001A500A4434D /* Helpers */ = {
			isa = PBXGroup;
			children = (
				89A2FC8B2BF001C000A4434D /* Constants.swift */,
				89A2FC9E2BF0516300A4434D /* View+Extensions.swift */,
				89A2FCA02BF0582900A4434D /* Date+Extensions.swift */,
			);
			path = Helpers;
			sourceTree = "<group>";
		};
		89A2FC952BF02A5D00A4434D /* TabViews */ = {
			isa = PBXGroup;
			children = (
				89A2FC962BF02B0700A4434D /* Recents.swift */,
				89A2FC982BF02B1D00A4434D /* Search.swift */,
				89A2FC9A2BF02B2B00A4434D /* Graphs.swift */,
				89A2FC9C2BF02B3900A4434D /* Settings.swift */,
			);
			path = TabViews;
			sourceTree = "<group>";
		};
		89A2FCA22BF0686700A4434D /* Helpers */ = {
			isa = PBXGroup;
			children = (
				89A2FCA32BF0687300A4434D /* CardView.swift */,
				89A2FCA52BF0712400A4434D /* TransactionCardView.swift */,
				89A2FCA72BF167CC00A4434D /* SwipeAction.swift */,
				89F32D3C2BF2AC32007400FB /* DateFilterView.swift */,
				8934FA542BF6784A0022D2F3 /* LockView.swift */,
				89B902062BF835D8008AF1CF /* FilterTransactionsView.swift */,
			);
			path = Helpers;
			sourceTree = "<group>";
		};
/* End PBXGroup section */

/* Begin PBXNativeTarget section */
		893EBC2C2BEFFC1B00B0053A /* Expense Tracker */ = {
			isa = PBXNativeTarget;
			buildConfigurationList = 893EBC3B2BEFFC1C00B0053A /* Build configuration list for PBXNativeTarget "Expense Tracker" */;
			buildPhases = (
				893EBC292BEFFC1B00B0053A /* Sources */,
				893EBC2A2BEFFC1B00B0053A /* Frameworks */,
				893EBC2B2BEFFC1B00B0053A /* Resources */,
			);
			buildRules = (
			);
			dependencies = (
			);
			name = "Expense Tracker";
			productName = "Expense Tracker";
			productReference = 893EBC2D2BEFFC1B00B0053A /* Expense Tracker.app */;
			productType = "com.apple.product-type.application";
		};
/* End PBXNativeTarget section */

/* Begin PBXProject section */
		893EBC252BEFFC1B00B0053A /* Project object */ = {
			isa = PBXProject;
			attributes = {
				BuildIndependentTargetsInParallel = 1;
				LastSwiftUpdateCheck = 1530;
				LastUpgradeCheck = 1530;
				TargetAttributes = {
					893EBC2C2BEFFC1B00B0053A = {
						CreatedOnToolsVersion = 15.3;
					};
				};
			};
			buildConfigurationList = 893EBC282BEFFC1B00B0053A /* Build configuration list for PBXProject "Expense Tracker" */;
			compatibilityVersion = "Xcode 14.0";
			developmentRegion = en;
			hasScannedForEncodings = 0;
			knownRegions = (
				en,
				Base,
			);
			mainGroup = 893EBC242BEFFC1B00B0053A;
			productRefGroup = 893EBC2E2BEFFC1B00B0053A /* Products */;
			projectDirPath = "";
			projectRoot = "";
			targets = (
				893EBC2C2BEFFC1B00B0053A /* Expense Tracker */,
			);
		};
/* End PBXProject section */

/* Begin PBXResourcesBuildPhase section */
		893EBC2B2BEFFC1B00B0053A /* Resources */ = {
			isa = PBXResourcesBuildPhase;
			buildActionMask = 2147483647;
			files = (
				893EBC382BEFFC1C00B0053A /* Preview Assets.xcassets in Resources */,
				893EBC352BEFFC1C00B0053A /* Assets.xcassets in Resources */,
			);
			runOnlyForDeploymentPostprocessing = 0;
		};
/* End PBXResourcesBuildPhase section */

/* Begin PBXSourcesBuildPhase section */
		893EBC292BEFFC1B00B0053A /* Sources */ = {
			isa = PBXSourcesBuildPhase;
			buildActionMask = 2147483647;
			files = (
				89A2FC942BF0290800A4434D /* TintColor.swift in Sources */,
				89A2FC972BF02B0700A4434D /* Recents.swift in Sources */,
				89F32D3D2BF2AC32007400FB /* DateFilterView.swift in Sources */,
				89A2FC922BF0287400A4434D /* Transaction.swift in Sources */,
				893EBC332BEFFC1B00B0053A /* ContentView.swift in Sources */,
				89A2FCA42BF0687300A4434D /* CardView.swift in Sources */,
				89A2FCA82BF167CC00A4434D /* SwipeAction.swift in Sources */,
				89A2FC892BEFFD8100A4434D /* IntroScreen.swift in Sources */,
				896BAC682BFC0A8A00BB46EA /* ChartModel.swift in Sources */,
				89CA18512BF7E63D0095C778 /* TransactionView.swift in Sources */,
				89A2FC8E2BF010B600A4434D /* Tab.swift in Sources */,
				89A2FC9D2BF02B3900A4434D /* Settings.swift in Sources */,
				893EBC312BEFFC1B00B0053A /* Expense_TrackerApp.swift in Sources */,
				89A2FC992BF02B1D00A4434D /* Search.swift in Sources */,
				89A2FCA12BF0582900A4434D /* Date+Extensions.swift in Sources */,
				89A2FC9F2BF0516300A4434D /* View+Extensions.swift in Sources */,
				8934FA552BF6784A0022D2F3 /* LockView.swift in Sources */,
				89A2FC8C2BF001C000A4434D /* Constants.swift in Sources */,
				89A2FC9B2BF02B2B00A4434D /* Graphs.swift in Sources */,
				89B902072BF835D8008AF1CF /* FilterTransactionsView.swift in Sources */,
				89A2FC902BF0284000A4434D /* Category.swift in Sources */,
				89A2FCA62BF0712400A4434D /* TransactionCardView.swift in Sources */,
			);
			runOnlyForDeploymentPostprocessing = 0;
		};
/* End PBXSourcesBuildPhase section */

/* Begin XCBuildConfiguration section */
		893EBC392BEFFC1C00B0053A /* Debug */ = {
			isa = XCBuildConfiguration;
			buildSettings = {
				ALWAYS_SEARCH_USER_PATHS = NO;
				ASSETCATALOG_COMPILER_GENERATE_SWIFT_ASSET_SYMBOL_EXTENSIONS = YES;
				CLANG_ANALYZER_NONNULL = YES;
				CLANG_ANALYZER_NUMBER_OBJECT_CONVERSION = YES_AGGRESSIVE;
				CLANG_CXX_LANGUAGE_STANDARD = "gnu++20";
				CLANG_ENABLE_MODULES = YES;
				CLANG_ENABLE_OBJC_ARC = YES;
				CLANG_ENABLE_OBJC_WEAK = YES;
				CLANG_WARN_BLOCK_CAPTURE_AUTORELEASING = YES;
				CLANG_WARN_BOOL_CONVERSION = YES;
				CLANG_WARN_COMMA = YES;
				CLANG_WARN_CONSTANT_CONVERSION = YES;
				CLANG_WARN_DEPRECATED_OBJC_IMPLEMENTATIONS = YES;
				CLANG_WARN_DIRECT_OBJC_ISA_USAGE = YES_ERROR;
				CLANG_WARN_DOCUMENTATION_COMMENTS = YES;
				CLANG_WARN_EMPTY_BODY = YES;
				CLANG_WARN_ENUM_CONVERSION = YES;
				CLANG_WARN_INFINITE_RECURSION = YES;
				CLANG_WARN_INT_CONVERSION = YES;
				CLANG_WARN_NON_LITERAL_NULL_CONVERSION = YES;
				CLANG_WARN_OBJC_IMPLICIT_RETAIN_SELF = YES;
				CLANG_WARN_OBJC_LITERAL_CONVERSION = YES;
				CLANG_WARN_OBJC_ROOT_CLASS = YES_ERROR;
				CLANG_WARN_QUOTED_INCLUDE_IN_FRAMEWORK_HEADER = YES;
				CLANG_WARN_RANGE_LOOP_ANALYSIS = YES;
				CLANG_WARN_STRICT_PROTOTYPES = YES;
				CLANG_WARN_SUSPICIOUS_MOVE = YES;
				CLANG_WARN_UNGUARDED_AVAILABILITY = YES_AGGRESSIVE;
				CLANG_WARN_UNREACHABLE_CODE = YES;
				CLANG_WARN__DUPLICATE_METHOD_MATCH = YES;
				COPY_PHASE_STRIP = NO;
				DEBUG_INFORMATION_FORMAT = dwarf;
				ENABLE_STRICT_OBJC_MSGSEND = YES;
				ENABLE_TESTABILITY = YES;
				ENABLE_USER_SCRIPT_SANDBOXING = YES;
				GCC_C_LANGUAGE_STANDARD = gnu17;
				GCC_DYNAMIC_NO_PIC = NO;
				GCC_NO_COMMON_BLOCKS = YES;
				GCC_OPTIMIZATION_LEVEL = 0;
				GCC_PREPROCESSOR_DEFINITIONS = (
					"DEBUG=1",
					"$(inherited)",
				);
				GCC_WARN_64_TO_32_BIT_CONVERSION = YES;
				GCC_WARN_ABOUT_RETURN_TYPE = YES_ERROR;
				GCC_WARN_UNDECLARED_SELECTOR = YES;
				GCC_WARN_UNINITIALIZED_AUTOS = YES_AGGRESSIVE;
				GCC_WARN_UNUSED_FUNCTION = YES;
				GCC_WARN_UNUSED_VARIABLE = YES;
				IPHONEOS_DEPLOYMENT_TARGET = 17.4;
				LOCALIZATION_PREFERS_STRING_CATALOGS = YES;
				MTL_ENABLE_DEBUG_INFO = INCLUDE_SOURCE;
				MTL_FAST_MATH = YES;
				ONLY_ACTIVE_ARCH = YES;
				SDKROOT = iphoneos;
				SWIFT_ACTIVE_COMPILATION_CONDITIONS = "DEBUG $(inherited)";
				SWIFT_OPTIMIZATION_LEVEL = "-Onone";
			};
			name = Debug;
		};
		893EBC3A2BEFFC1C00B0053A /* Release */ = {
			isa = XCBuildConfiguration;
			buildSettings = {
				ALWAYS_SEARCH_USER_PATHS = NO;
				ASSETCATALOG_COMPILER_GENERATE_SWIFT_ASSET_SYMBOL_EXTENSIONS = YES;
				CLANG_ANALYZER_NONNULL = YES;
				CLANG_ANALYZER_NUMBER_OBJECT_CONVERSION = YES_AGGRESSIVE;
				CLANG_CXX_LANGUAGE_STANDARD = "gnu++20";
				CLANG_ENABLE_MODULES = YES;
				CLANG_ENABLE_OBJC_ARC = YES;
				CLANG_ENABLE_OBJC_WEAK = YES;
				CLANG_WARN_BLOCK_CAPTURE_AUTORELEASING = YES;
				CLANG_WARN_BOOL_CONVERSION = YES;
				CLANG_WARN_COMMA = YES;
				CLANG_WARN_CONSTANT_CONVERSION = YES;
				CLANG_WARN_DEPRECATED_OBJC_IMPLEMENTATIONS = YES;
				CLANG_WARN_DIRECT_OBJC_ISA_USAGE = YES_ERROR;
				CLANG_WARN_DOCUMENTATION_COMMENTS = YES;
				CLANG_WARN_EMPTY_BODY = YES;
				CLANG_WARN_ENUM_CONVERSION = YES;
				CLANG_WARN_INFINITE_RECURSION = YES;
				CLANG_WARN_INT_CONVERSION = YES;
				CLANG_WARN_NON_LITERAL_NULL_CONVERSION = YES;
				CLANG_WARN_OBJC_IMPLICIT_RETAIN_SELF = YES;
				CLANG_WARN_OBJC_LITERAL_CONVERSION = YES;
				CLANG_WARN_OBJC_ROOT_CLASS = YES_ERROR;
				CLANG_WARN_QUOTED_INCLUDE_IN_FRAMEWORK_HEADER = YES;
				CLANG_WARN_RANGE_LOOP_ANALYSIS = YES;
				CLANG_WARN_STRICT_PROTOTYPES = YES;
				CLANG_WARN_SUSPICIOUS_MOVE = YES;
				CLANG_WARN_UNGUARDED_AVAILABILITY = YES_AGGRESSIVE;
				CLANG_WARN_UNREACHABLE_CODE = YES;
				CLANG_WARN__DUPLICATE_METHOD_MATCH = YES;
				COPY_PHASE_STRIP = NO;
				DEBUG_INFORMATION_FORMAT = "dwarf-with-dsym";
				ENABLE_NS_ASSERTIONS = NO;
				ENABLE_STRICT_OBJC_MSGSEND = YES;
				ENABLE_USER_SCRIPT_SANDBOXING = YES;
				GCC_C_LANGUAGE_STANDARD = gnu17;
				GCC_NO_COMMON_BLOCKS = YES;
				GCC_WARN_64_TO_32_BIT_CONVERSION = YES;
				GCC_WARN_ABOUT_RETURN_TYPE = YES_ERROR;
				GCC_WARN_UNDECLARED_SELECTOR = YES;
				GCC_WARN_UNINITIALIZED_AUTOS = YES_AGGRESSIVE;
				GCC_WARN_UNUSED_FUNCTION = YES;
				GCC_WARN_UNUSED_VARIABLE = YES;
				IPHONEOS_DEPLOYMENT_TARGET = 17.4;
				LOCALIZATION_PREFERS_STRING_CATALOGS = YES;
				MTL_ENABLE_DEBUG_INFO = NO;
				MTL_FAST_MATH = YES;
				SDKROOT = iphoneos;
				SWIFT_COMPILATION_MODE = wholemodule;
				VALIDATE_PRODUCT = YES;
			};
			name = Release;
		};
		893EBC3C2BEFFC1C00B0053A /* Debug */ = {
			isa = XCBuildConfiguration;
			buildSettings = {
				ASSETCATALOG_COMPILER_APPICON_NAME = AppIcon;
				ASSETCATALOG_COMPILER_GLOBAL_ACCENT_COLOR_NAME = AccentColor;
				CODE_SIGN_STYLE = Automatic;
				CURRENT_PROJECT_VERSION = 1;
				DEVELOPMENT_ASSET_PATHS = "\"Expense Tracker/Preview Content\"";
				DEVELOPMENT_TEAM = 8YG678URN3;
				ENABLE_PREVIEWS = YES;
				GENERATE_INFOPLIST_FILE = YES;
				INFOPLIST_KEY_NSFaceIDUsageDescription = DESCRIPTION;
				INFOPLIST_KEY_UIApplicationSceneManifest_Generation = YES;
				INFOPLIST_KEY_UIApplicationSupportsIndirectInputEvents = YES;
				INFOPLIST_KEY_UILaunchScreen_Generation = YES;
				INFOPLIST_KEY_UISupportedInterfaceOrientations_iPad = "UIInterfaceOrientationPortrait UIInterfaceOrientationPortraitUpsideDown UIInterfaceOrientationLandscapeLeft UIInterfaceOrientationLandscapeRight";
				INFOPLIST_KEY_UISupportedInterfaceOrientations_iPhone = "UIInterfaceOrientationPortrait UIInterfaceOrientationLandscapeLeft UIInterfaceOrientationLandscapeRight";
				LD_RUNPATH_SEARCH_PATHS = (
					"$(inherited)",
					"@executable_path/Frameworks",
				);
				MARKETING_VERSION = 1.0;
				PRODUCT_BUNDLE_IDENTIFIER = "net.rychillie.Expense-Tracker";
				PRODUCT_NAME = "$(TARGET_NAME)";
				SWIFT_EMIT_LOC_STRINGS = YES;
				SWIFT_VERSION = 5.0;
				TARGETED_DEVICE_FAMILY = "1,2";
			};
			name = Debug;
		};
		893EBC3D2BEFFC1C00B0053A /* Release */ = {
			isa = XCBuildConfiguration;
			buildSettings = {
				ASSETCATALOG_COMPILER_APPICON_NAME = AppIcon;
				ASSETCATALOG_COMPILER_GLOBAL_ACCENT_COLOR_NAME = AccentColor;
				CODE_SIGN_STYLE = Automatic;
				CURRENT_PROJECT_VERSION = 1;
				DEVELOPMENT_ASSET_PATHS = "\"Expense Tracker/Preview Content\"";
				DEVELOPMENT_TEAM = 8YG678URN3;
				ENABLE_PREVIEWS = YES;
				GENERATE_INFOPLIST_FILE = YES;
				INFOPLIST_KEY_NSFaceIDUsageDescription = DESCRIPTION;
				INFOPLIST_KEY_UIApplicationSceneManifest_Generation = YES;
				INFOPLIST_KEY_UIApplicationSupportsIndirectInputEvents = YES;
				INFOPLIST_KEY_UILaunchScreen_Generation = YES;
				INFOPLIST_KEY_UISupportedInterfaceOrientations_iPad = "UIInterfaceOrientationPortrait UIInterfaceOrientationPortraitUpsideDown UIInterfaceOrientationLandscapeLeft UIInterfaceOrientationLandscapeRight";
				INFOPLIST_KEY_UISupportedInterfaceOrientations_iPhone = "UIInterfaceOrientationPortrait UIInterfaceOrientationLandscapeLeft UIInterfaceOrientationLandscapeRight";
				LD_RUNPATH_SEARCH_PATHS = (
					"$(inherited)",
					"@executable_path/Frameworks",
				);
				MARKETING_VERSION = 1.0;
				PRODUCT_BUNDLE_IDENTIFIER = "net.rychillie.Expense-Tracker";
				PRODUCT_NAME = "$(TARGET_NAME)";
				SWIFT_EMIT_LOC_STRINGS = YES;
				SWIFT_VERSION = 5.0;
				TARGETED_DEVICE_FAMILY = "1,2";
			};
			name = Release;
		};
/* End XCBuildConfiguration section */

/* Begin XCConfigurationList section */
		893EBC282BEFFC1B00B0053A /* Build configuration list for PBXProject "Expense Tracker" */ = {
			isa = XCConfigurationList;
			buildConfigurations = (
				893EBC392BEFFC1C00B0053A /* Debug */,
				893EBC3A2BEFFC1C00B0053A /* Release */,
			);
			defaultConfigurationIsVisible = 0;
			defaultConfigurationName = Release;
		};
		893EBC3B2BEFFC1C00B0053A /* Build configuration list for PBXNativeTarget "Expense Tracker" */ = {
			isa = XCConfigurationList;
			buildConfigurations = (
				893EBC3C2BEFFC1C00B0053A /* Debug */,
				893EBC3D2BEFFC1C00B0053A /* Release */,
			);
			defaultConfigurationIsVisible = 0;
			defaultConfigurationName = Release;
		};
/* End XCConfigurationList section */
	};
	rootObject = 893EBC252BEFFC1B00B0053A /* Project object */;
}
